
Microsoft Visual Studio Solution File, Format Version 12.00
# Visual Studio Version 17
VisualStudioVersion = 17.8.34330.188
MinimumVisualStudioVersion = 10.0.40219.1
Project("{FAE04EC0-301F-11D3-BF4B-00C04F79EFBC}") = "Library Management.API", "Library Management.API\Library Management.API.csproj", "{27CF4FFE-827B-45C7-A8B4-7F9D189E22A4}"
EndProject
Global
	GlobalSection(SolutionConfigurationPlatforms) = preSolution
		Debug|Any CPU = Debug|Any CPU
		Release|Any CPU = Release|Any CPU
	EndGlobalSection
	GlobalSection(ProjectConfigurationPlatforms) = postSolution
		{27CF4FFE-827B-45C7-A8B4-7F9D189E22A4}.Debug|Any CPU.ActiveCfg = Debug|Any CPU
		{27CF4FFE-827B-45C7-A8B4-7F9D189E22A4}.Debug|Any CPU.Build.0 = Debug|Any CPU
		{27CF4FFE-827B-45C7-A8B4-7F9D189E22A4}.Release|Any CPU.ActiveCfg = Release|Any CPU
		{27CF4FFE-827B-45C7-A8B4-7F9D189E22A4}.Release|Any CPU.Build.0 = Release|Any CPU
	EndGlobalSection
	GlobalSection(SolutionProperties) = preSolution
		HideSolutionNode = FALSE
	EndGlobalSection
	GlobalSection(ExtensibilityGlobals) = postSolution
		SolutionGuid = {BF31BE2C-855C-43C3-8B0E-CDB0ACE29E1B}
	EndGlobalSection
EndGlobal
